PODS:
  - charset_converter (0.0.1):
    - Flutter
  - Flutter (1.0.0)
  - FMDB (2.7.12):
    - FMDB/standard (= 2.7.12)
  - FMDB/Core (2.7.12)
  - FMDB/standard (2.7.12):
    - FMDB/Core
  - shared_preferences_foundation (0.0.1):
    - Flutter
    - FlutterMacOS
  - sqflite (0.0.3):
    - Flutter
    - FMDB (>= 2.7.5)
  - url_launcher_ios (0.0.1):
    - Flutter

DEPENDENCIES:
  - charset_converter (from `.symlinks/plugins/charset_converter/ios`)
  - Flutter (from `Flutter`)
  - shared_preferences_foundation (from `.symlinks/plugins/shared_preferences_foundation/darwin`)
  - sqflite (from `.symlinks/plugins/sqflite/ios`)
  - url_launcher_ios (from `.symlinks/plugins/url_launcher_ios/ios`)

SPEC REPOS:
  trunk:
    - FMDB

EXTERNAL SOURCES:
  charset_converter:
    :path: ".symlinks/plugins/charset_converter/ios"
  Flutter:
    :path: Flutter
  shared_preferences_foundation:
    :path: ".symlinks/plugins/shared_preferences_foundation/darwin"
  sqflite:
    :path: ".symlinks/plugins/sqflite/ios"
  url_launcher_ios:
    :path: ".symlinks/plugins/url_launcher_ios/ios"

SPEC CHECKSUMS:
  charset_converter: 215c7b04932ec2b9ba43be96a9bc34afed3e5322
  Flutter: e0871f40cf51350855a761d2e70bf5af5b9b5de7
  FMDB: 728731dd336af3936ce00f91d9d8495f5718a0e6
  shared_preferences_foundation: 5b919d13b803cadd15ed2dc053125c68730e5126
  sqflite: 31f7eba61e3074736dff8807a9b41581e4f7f15a
  url_launcher_ios: bf5ce03e0e2088bad9cc378ea97fa0ed5b49673b

PODFILE CHECKSUM: c4c93c5f6502fe2754f48404d3594bf779584011

COCOAPODS: 1.15.2
